
Microsoft Visual Studio Solution File, Format Version 12.00
# Visual Studio Version 17
VisualStudioVersion = 17.12.35514.174 d17.12
MinimumVisualStudioVersion = 10.0.40219.1
Project("{FAE04EC0-301F-11D3-BF4B-00C04F79EFBC}") = "GameStore.MVC", "GameStore.MVC\GameStore.MVC.csproj", "{916BE7B6-635F-41D7-8D5F-D5C966E3182A}"
EndProject
Project("{FAE04EC0-301F-11D3-BF4B-00C04F79EFBC}") = "GameStore.DAL", "GameStore.DAL\GameStore.DAL.csproj", "{34AF25EB-080E-4E52-95A2-5E24E876A498}"
EndProject
Project("{FAE04EC0-301F-11D3-BF4B-00C04F79EFBC}") = "GameStore.BL", "GameStore.BL\GameStore.BL.csproj", "{3600A735-645D-4D9C-BE6F-F43DF665D3B4}"
EndProject
Global
	GlobalSection(SolutionConfigurationPlatforms) = preSolution
		Debug|Any CPU = Debug|Any CPU
		Release|Any CPU = Release|Any CPU
	EndGlobalSection
	GlobalSection(ProjectConfigurationPlatforms) = postSolution
		{916BE7B6-635F-41D7-8D5F-D5C966E3182A}.Debug|Any CPU.ActiveCfg = Debug|Any CPU
		{916BE7B6-635F-41D7-8D5F-D5C966E3182A}.Debug|Any CPU.Build.0 = Debug|Any CPU
		{916BE7B6-635F-41D7-8D5F-D5C966E3182A}.Release|Any CPU.ActiveCfg = Release|Any CPU
		{916BE7B6-635F-41D7-8D5F-D5C966E3182A}.Release|Any CPU.Build.0 = Release|Any CPU
		{34AF25EB-080E-4E52-95A2-5E24E876A498}.Debug|Any CPU.ActiveCfg = Debug|Any CPU
		{34AF25EB-080E-4E52-95A2-5E24E876A498}.Debug|Any CPU.Build.0 = Debug|Any CPU
		{34AF25EB-080E-4E52-95A2-5E24E876A498}.Release|Any CPU.ActiveCfg = Release|Any CPU
		{34AF25EB-080E-4E52-95A2-5E24E876A498}.Release|Any CPU.Build.0 = Release|Any CPU
		{3600A735-645D-4D9C-BE6F-F43DF665D3B4}.Debug|Any CPU.ActiveCfg = Debug|Any CPU
		{3600A735-645D-4D9C-BE6F-F43DF665D3B4}.Debug|Any CPU.Build.0 = Debug|Any CPU
		{3600A735-645D-4D9C-BE6F-F43DF665D3B4}.Release|Any CPU.ActiveCfg = Release|Any CPU
		{3600A735-645D-4D9C-BE6F-F43DF665D3B4}.Release|Any CPU.Build.0 = Release|Any CPU
	EndGlobalSection
	GlobalSection(SolutionProperties) = preSolution
		HideSolutionNode = FALSE
	EndGlobalSection
EndGlobal
